# This file is automatically @generated by Cargo.
# It is not intended for manual editing.
[[package]]
name = "bitsh"
version = "0.1.0"

[[package]]
name = "can-messages"
version = "0.1.0"
dependencies = [
 "bitsh",
]

[[package]]
name = "read_candump"
version = "0.1.0"
dependencies = [
 "can-messages",
]
